{
  "name": "allex_doublelinkedlistbaselowlevellib",
  "version": "1.1.1",
  "lockfileVersion": 2,
  "requires": true,
  "packages": {
    "": {
      "name": "allex_doublelinkedlistbaselowlevellib",
      "version": "1.1.1",
      "license": "ISC",
      "devDependencies": {
        "allex_checkslowlevellib": "1.x",
        "allex_inheritlowlevellib": "3.x",
        "chai": "3.x"
      }
    },
    "node_modules/allex_checkslowlevellib": {
      "version": "1.1.4",
      "resolved": "https://registry.npmjs.org/allex_checkslowlevellib/-/allex_checkslowlevellib-1.1.4.tgz",
      "integrity": "sha512-kP96IQeXJpEGl1juOJcNI/EY0kaxIxfZem2TePToOXrGqj/X2F0O2Cbw+oHW+f4j9I8mMCr7snObsmcBorTnew==",
      "dev": true
    },
    "node_modules/allex_inheritlowlevellib": {
      "version": "3.0.1",
      "resolved": "https://registry.npmjs.org/allex_inheritlowlevellib/-/allex_inheritlowlevellib-3.0.1.tgz",
      "integrity": "sha512-pAa8ktqTMlilM8u7LrQvftIMyoIveZqDWGMGF5X1yyUhV75HkhPqzj1wvptwwtTz/8axZCvifUypoKydDH2W9A==",
      "dev": true
    },
    "node_modules/assertion-error": {
      "version": "1.1.0",
      "resolved": "https://registry.npmjs.org/assertion-error/-/assertion-error-1.1.0.tgz",
      "integrity": "sha512-jgsaNduz+ndvGyFt3uSuWqvy4lCnIJiovtouQN5JZHOKCS2QuhEdbcQHFhVksz2N2U9hXJo8odG7ETyWlEeuDw==",
      "dev": true,
      "engines": {
        "node": "*"
      }
    },
    "node_modules/chai": {
      "version": "3.5.0",
      "resolved": "https://registry.npmjs.org/chai/-/chai-3.5.0.tgz",
      "integrity": "sha512-eRYY0vPS2a9zt5w5Z0aCeWbrXTEyvk7u/Xf71EzNObrjSCPgMm1Nku/D/u2tiqHBX5j40wWhj54YJLtgn8g55A==",
      "dev": true,
      "dependencies": {
        "assertion-error": "^1.0.1",
        "deep-eql": "^0.1.3",
        "type-detect": "^1.0.0"
      },
      "engines": {
        "node": ">= 0.4.0"
      }
    },
    "node_modules/deep-eql": {
      "version": "0.1.3",
      "resolved": "https://registry.npmjs.org/deep-eql/-/deep-eql-0.1.3.tgz",
      "integrity": "sha512-6sEotTRGBFiNcqVoeHwnfopbSpi5NbH1VWJmYCVkmxMmaVTT0bUTrNaGyBwhgP4MZL012W/mkzIn3Da+iDYweg==",
      "dev": true,
      "dependencies": {
        "type-detect": "0.1.1"
      },
      "engines": {
        "node": "*"
      }
    },
    "node_modules/deep-eql/node_modules/type-detect": {
      "version": "0.1.1",
      "resolved": "https://registry.npmjs.org/type-detect/-/type-detect-0.1.1.tgz",
      "integrity": "sha512-5rqszGVwYgBoDkIm2oUtvkfZMQ0vk29iDMU0W2qCa3rG0vPDNczCMT4hV/bLBgLg8k8ri6+u3Zbt+S/14eMzlA==",
      "dev": true,
      "engines": {
        "node": "*"
      }
    },
    "node_modules/type-detect": {
      "version": "1.0.0",
      "resolved": "https://registry.npmjs.org/type-detect/-/type-detect-1.0.0.tgz",
      "integrity": "sha512-f9Uv6ezcpvCQjJU0Zqbg+65qdcszv3qUQsZfjdRbWiZ7AMenrX1u0lNk9EoWWX6e1F+NULyg27mtdeZ5WhpljA==",
      "dev": true,
      "engines": {
        "node": "*"
      }
    }
  },
  "dependencies": {
    "allex_checkslowlevellib": {
      "version": "1.1.4",
      "resolved": "https://registry.npmjs.org/allex_checkslowlevellib/-/allex_checkslowlevellib-1.1.4.tgz",
      "integrity": "sha512-kP96IQeXJpEGl1juOJcNI/EY0kaxIxfZem2TePToOXrGqj/X2F0O2Cbw+oHW+f4j9I8mMCr7snObsmcBorTnew==",
      "dev": true
    },
    "allex_inheritlowlevellib": {
      "version": "3.0.1",
      "resolved": "https://registry.npmjs.org/allex_inheritlowlevellib/-/allex_inheritlowlevellib-3.0.1.tgz",
      "integrity": "sha512-pAa8ktqTMlilM8u7LrQvftIMyoIveZqDWGMGF5X1yyUhV75HkhPqzj1wvptwwtTz/8axZCvifUypoKydDH2W9A==",
      "dev": true
    },
    "assertion-error": {
      "version": "1.1.0",
      "resolved": "https://registry.npmjs.org/assertion-error/-/assertion-error-1.1.0.tgz",
      "integrity": "sha512-jgsaNduz+ndvGyFt3uSuWqvy4lCnIJiovtouQN5JZHOKCS2QuhEdbcQHFhVksz2N2U9hXJo8odG7ETyWlEeuDw==",
      "dev": true
    },
    "chai": {
      "version": "3.5.0",
      "resolved": "https://registry.npmjs.org/chai/-/chai-3.5.0.tgz",
      "integrity": "sha512-eRYY0vPS2a9zt5w5Z0aCeWbrXTEyvk7u/Xf71EzNObrjSCPgMm1Nku/D/u2tiqHBX5j40wWhj54YJLtgn8g55A==",
      "dev": true,
      "requires": {
        "assertion-error": "^1.0.1",
        "deep-eql": "^0.1.3",
        "type-detect": "^1.0.0"
      }
    },
    "deep-eql": {
      "version": "0.1.3",
      "resolved": "https://registry.npmjs.org/deep-eql/-/deep-eql-0.1.3.tgz",
      "integrity": "sha512-6sEotTRGBFiNcqVoeHwnfopbSpi5NbH1VWJmYCVkmxMmaVTT0bUTrNaGyBwhgP4MZL012W/mkzIn3Da+iDYweg==",
      "dev": true,
      "requires": {
        "type-detect": "0.1.1"
      },
      "dependencies": {
        "type-detect": {
          "version": "0.1.1",
          "resolved": "https://registry.npmjs.org/type-detect/-/type-detect-0.1.1.tgz",
          "integrity": "sha512-5rqszGVwYgBoDkIm2oUtvkfZMQ0vk29iDMU0W2qCa3rG0vPDNczCMT4hV/bLBgLg8k8ri6+u3Zbt+S/14eMzlA==",
          "dev": true
        }
      }
    },
    "type-detect": {
      "version": "1.0.0",
      "resolved": "https://registry.npmjs.org/type-detect/-/type-detect-1.0.0.tgz",
      "integrity": "sha512-f9Uv6ezcpvCQjJU0Zqbg+65qdcszv3qUQsZfjdRbWiZ7AMenrX1u0lNk9EoWWX6e1F+NULyg27mtdeZ5WhpljA==",
      "dev": true
    }
  }
}
